
Microsoft Visual Studio Solution File, Format Version 12.00
# Visual Studio Version 16
VisualStudioVersion = 16.0.30717.126
MinimumVisualStudioVersion = 10.0.40219.1
Project("{FAE04EC0-301F-11D3-BF4B-00C04F79EFBC}") = "FactoryMethodDesignPattern", "FactoryMethodDesignPattern\FactoryMethodDesignPattern.csproj", "{26DC50B4-5F47-4068-B0B7-CDC5798B25E4}"
EndProject
Global
	GlobalSection(SolutionConfigurationPlatforms) = preSolution
		Debug|Any CPU = Debug|Any CPU
		Release|Any CPU = Release|Any CPU
	EndGlobalSection
	GlobalSection(ProjectConfigurationPlatforms) = postSolution
		{26DC50B4-5F47-4068-B0B7-CDC5798B25E4}.Debug|Any CPU.ActiveCfg = Debug|Any CPU
		{26DC50B4-5F47-4068-B0B7-CDC5798B25E4}.Debug|Any CPU.Build.0 = Debug|Any CPU
		{26DC50B4-5F47-4068-B0B7-CDC5798B25E4}.Release|Any CPU.ActiveCfg = Release|Any CPU
		{26DC50B4-5F47-4068-B0B7-CDC5798B25E4}.Release|Any CPU.Build.0 = Release|Any CPU
	EndGlobalSection
	GlobalSection(SolutionProperties) = preSolution
		HideSolutionNode = FALSE
	EndGlobalSection
	GlobalSection(ExtensibilityGlobals) = postSolution
		SolutionGuid = {49F68474-17A6-414C-AE6F-2FB95A3F211F}
	EndGlobalSection
EndGlobal
